// !$*UTF8*$!
{
	archiveVersion = 1;
	classes = {
	};
	objectVersion = 46;
	objects = {

/* Begin PBXBuildFile section */
		5C1B906A1916FB6600293400 /* Foundation.framework in Frameworks */ = {isa = PBXBuildFile; fileRef = 5C1B90691916FB6600293400 /* Foundation.framework */; };
		5C1B906C1916FB6700293400 /* CoreGraphics.framework in Frameworks */ = {isa = PBXBuildFile; fileRef = 5C1B906B1916FB6700293400 /* CoreGraphics.framework */; };
		5C1B906E1916FB6700293400 /* UIKit.framework in Frameworks */ = {isa = PBXBuildFile; fileRef = 5C1B906D1916FB6700293400 /* UIKit.framework */; };
		5C1B90741916FB6700293400 /* InfoPlist.strings in Resources */ = {isa = PBXBuildFile; fileRef = 5C1B90721916FB6700293400 /* InfoPlist.strings */; };
		5C1B90761916FB6700293400 /* main.m in Sources */ = {isa = PBXBuildFile; fileRef = 5C1B90751916FB6700293400 /* main.m */; };
		5C1B907A1916FB6700293400 /* PLAppDelegate.m in Sources */ = {isa = PBXBuildFile; fileRef = 5C1B90791916FB6700293400 /* PLAppDelegate.m */; };
		5C1B90851916FB6700293400 /* Images.xcassets in Resources */ = {isa = PBXBuildFile; fileRef = 5C1B90841916FB6700293400 /* Images.xcassets */; };
		5C1B908C1916FB6700293400 /* XCTest.framework in Frameworks */ = {isa = PBXBuildFile; fileRef = 5C1B908B1916FB6700293400 /* XCTest.framework */; };
		5C1B908D1916FB6700293400 /* Foundation.framework in Frameworks */ = {isa = PBXBuildFile; fileRef = 5C1B90691916FB6600293400 /* Foundation.framework */; };
		5C1B908E1916FB6700293400 /* UIKit.framework in Frameworks */ = {isa = PBXBuildFile; fileRef = 5C1B906D1916FB6700293400 /* UIKit.framework */; };
		5C1B90961916FB6700293400 /* InfoPlist.strings in Resources */ = {isa = PBXBuildFile; fileRef = 5C1B90941916FB6700293400 /* InfoPlist.strings */; };
		5C1B90981916FB6700293400 /* PocketLoveTests.m in Sources */ = {isa = PBXBuildFile; fileRef = 5C1B90971916FB6700293400 /* PocketLoveTests.m */; };
		5C1B90A21916FC5600293400 /* SpriteKit.framework in Frameworks */ = {isa = PBXBuildFile; fileRef = 5C1B90A11916FC5600293400 /* SpriteKit.framework */; };
		5C1B90EF1917028300293400 /* PLCharacterViewController.m in Sources */ = {isa = PBXBuildFile; fileRef = 5C1B90EE1917028300293400 /* PLCharacterViewController.m */; };
		5C1B90F2191702AE00293400 /* PLMyCharacterViewController.m in Sources */ = {isa = PBXBuildFile; fileRef = 5C1B90F1191702AE00293400 /* PLMyCharacterViewController.m */; };
		5C1B90F5191702CE00293400 /* PLOtherCharacterViewController.m in Sources */ = {isa = PBXBuildFile; fileRef = 5C1B90F4191702CE00293400 /* PLOtherCharacterViewController.m */; };
		5C1B90F8191707B100293400 /* PLRootViewController.m in Sources */ = {isa = PBXBuildFile; fileRef = 5C1B90F7191707B100293400 /* PLRootViewController.m */; };
		5C428C4319171163008D12A8 /* pixelated.ttf in Resources */ = {isa = PBXBuildFile; fileRef = 5C428C4219171163008D12A8 /* pixelated.ttf */; };
		5C428C4619171736008D12A8 /* PLAvatarUpdateViewController.m in Sources */ = {isa = PBXBuildFile; fileRef = 5C428C4519171736008D12A8 /* PLAvatarUpdateViewController.m */; };
		5C846A05191ADF64001A25A0 /* PLConstants.m in Sources */ = {isa = PBXBuildFile; fileRef = 5C846A04191ADF64001A25A0 /* PLConstants.m */; };
		5CA188931919E444001130BB /* Avatar.m in Sources */ = {isa = PBXBuildFile; fileRef = 5CA188921919E444001130BB /* Avatar.m */; };
		5CA188951919EE84001130BB /* QuartzCore.framework in Frameworks */ = {isa = PBXBuildFile; fileRef = 5CA188941919EE84001130BB /* QuartzCore.framework */; };
		5CA188981919F165001130BB /* Main_iPhone.storyboard in Resources */ = {isa = PBXBuildFile; fileRef = 5CA188961919F165001130BB /* Main_iPhone.storyboard */; };
		5CA1889C1919F29E001130BB /* ImageCollectionViewCell.m in Sources */ = {isa = PBXBuildFile; fileRef = 5CA1889B1919F29E001130BB /* ImageCollectionViewCell.m */; };
		D1BB379D191B48FC009A0423 /* Score.m in Sources */ = {isa = PBXBuildFile; fileRef = D1BB379C191B48FC009A0423 /* Score.m */; };
		D1BB37A0191B492B009A0423 /* ViewController.m in Sources */ = {isa = PBXBuildFile; fileRef = D1BB379F191B492B009A0423 /* ViewController.m */; };
		D1BB37A5191B49EE009A0423 /* Scene.m in Sources */ = {isa = PBXBuildFile; fileRef = D1BB37A4191B49EE009A0423 /* Scene.m */; };
		D1BB37AB191B4A18009A0423 /* SKScrollingNode.m in Sources */ = {isa = PBXBuildFile; fileRef = D1BB37A8191B4A18009A0423 /* SKScrollingNode.m */; };
		D1BB37AC191B4A18009A0423 /* BirdNode.m in Sources */ = {isa = PBXBuildFile; fileRef = D1BB37AA191B4A18009A0423 /* BirdNode.m */; };
		D1BB37AF191B4A7D009A0423 /* Math.m in Sources */ = {isa = PBXBuildFile; fileRef = D1BB37AE191B4A7D009A0423 /* Math.m */; };
		D1BB37C1191B4AB9009A0423 /* medal_silver@2x.png in Resources */ = {isa = PBXBuildFile; fileRef = D1BB37B2191B4AB9009A0423 /* medal_silver@2x.png */; };
		D1BB37C2191B4AB9009A0423 /* medal_gold@2x.png in Resources */ = {isa = PBXBuildFile; fileRef = D1BB37B3191B4AB9009A0423 /* medal_gold@2x.png */; };
		D1BB37C3191B4AB9009A0423 /* medal_bronze@2x.png in Resources */ = {isa = PBXBuildFile; fileRef = D1BB37B4191B4AB9009A0423 /* medal_bronze@2x.png */; };
		D1BB37C4191B4AB9009A0423 /* back@2x.png in Resources */ = {isa = PBXBuildFile; fileRef = D1BB37B5191B4AB9009A0423 /* back@2x.png */; };
		D1BB37C5191B4AB9009A0423 /* medal_plate@2x.png in Resources */ = {isa = PBXBuildFile; fileRef = D1BB37B6191B4AB9009A0423 /* medal_plate@2x.png */; };
		D1BB37C6191B4AB9009A0423 /* game_over@2x.png in Resources */ = {isa = PBXBuildFile; fileRef = D1BB37B7191B4AB9009A0423 /* game_over@2x.png */; };
		D1BB37C7191B4AB9009A0423 /* medal_platinum@2x.png in Resources */ = {isa = PBXBuildFile; fileRef = D1BB37B8191B4AB9009A0423 /* medal_platinum@2x.png */; };
		D1BB37C8191B4AB9009A0423 /* taptap@2x.png in Resources */ = {isa = PBXBuildFile; fileRef = D1BB37B9191B4AB9009A0423 /* taptap@2x.png */; };
		D1BB37C9191B4AB9009A0423 /* get_ready@2x.png in Resources */ = {isa = PBXBuildFile; fileRef = D1BB37BA191B4AB9009A0423 /* get_ready@2x.png */; };
		D1BB37CA191B4AB9009A0423 /* bird_1@2x.png in Resources */ = {isa = PBXBuildFile; fileRef = D1BB37BB191B4AB9009A0423 /* bird_1@2x.png */; };
		D1BB37CB191B4AB9009A0423 /* bird_2@2x.png in Resources */ = {isa = PBXBuildFile; fileRef = D1BB37BC191B4AB9009A0423 /* bird_2@2x.png */; };
		D1BB37CC191B4AB9009A0423 /* bird_3@2x.png in Resources */ = {isa = PBXBuildFile; fileRef = D1BB37BD191B4AB9009A0423 /* bird_3@2x.png */; };
		D1BB37CD191B4AB9009A0423 /* floor@2x.png in Resources */ = {isa = PBXBuildFile; fileRef = D1BB37BE191B4AB9009A0423 /* floor@2x.png */; };
		D1BB37CE191B4AB9009A0423 /* pipe_top@2x.png in Resources */ = {isa = PBXBuildFile; fileRef = D1BB37BF191B4AB9009A0423 /* pipe_top@2x.png */; };
		D1BB37CF191B4AB9009A0423 /* pipe_bottom@2x.png in Resources */ = {isa = PBXBuildFile; fileRef = D1BB37C0191B4AB9009A0423 /* pipe_bottom@2x.png */; };
/* End PBXBuildFile section */

/* Begin PBXContainerItemProxy section */
		5C1B908F1916FB6700293400 /* PBXContainerItemProxy */ = {
			isa = PBXContainerItemProxy;
			containerPortal = 5C1B905E1916FB6600293400 /* Project object */;
			proxyType = 1;
			remoteGlobalIDString = 5C1B90651916FB6600293400;
			remoteInfo = PocketLove;
		};
/* End PBXContainerItemProxy section */

/* Begin PBXFileReference section */
		5C1B90661916FB6600293400 /* PocketLove.app */ = {isa = PBXFileReference; explicitFileType = wrapper.application; includeInIndex = 0; path = PocketLove.app; sourceTree = BUILT_PRODUCTS_DIR; };
		5C1B90691916FB6600293400 /* Foundation.framework */ = {isa = PBXFileReference; lastKnownFileType = wrapper.framework; name = Foundation.framework; path = System/Library/Frameworks/Foundation.framework; sourceTree = SDKROOT; };
		5C1B906B1916FB6700293400 /* CoreGraphics.framework */ = {isa = PBXFileReference; lastKnownFileType = wrapper.framework; name = CoreGraphics.framework; path = System/Library/Frameworks/CoreGraphics.framework; sourceTree = SDKROOT; };
		5C1B906D1916FB6700293400 /* UIKit.framework */ = {isa = PBXFileReference; lastKnownFileType = wrapper.framework; name = UIKit.framework; path = System/Library/Frameworks/UIKit.framework; sourceTree = SDKROOT; };
		5C1B90711916FB6700293400 /* PocketLove-Info.plist */ = {isa = PBXFileReference; lastKnownFileType = text.plist.xml; path = "PocketLove-Info.plist"; sourceTree = "<group>"; };
		5C1B90731916FB6700293400 /* en */ = {isa = PBXFileReference; lastKnownFileType = text.plist.strings; name = en; path = en.lproj/InfoPlist.strings; sourceTree = "<group>"; };
		5C1B90751916FB6700293400 /* main.m */ = {isa = PBXFileReference; lastKnownFileType = sourcecode.c.objc; path = main.m; sourceTree = "<group>"; };
		5C1B90771916FB6700293400 /* PocketLove-Prefix.pch */ = {isa = PBXFileReference; lastKnownFileType = sourcecode.c.h; path = "PocketLove-Prefix.pch"; sourceTree = "<group>"; };
		5C1B90781916FB6700293400 /* PLAppDelegate.h */ = {isa = PBXFileReference; lastKnownFileType = sourcecode.c.h; path = PLAppDelegate.h; sourceTree = "<group>"; };
		5C1B90791916FB6700293400 /* PLAppDelegate.m */ = {isa = PBXFileReference; lastKnownFileType = sourcecode.c.objc; path = PLAppDelegate.m; sourceTree = "<group>"; };
		5C1B90841916FB6700293400 /* Images.xcassets */ = {isa = PBXFileReference; lastKnownFileType = folder.assetcatalog; path = Images.xcassets; sourceTree = "<group>"; };
		5C1B908A1916FB6700293400 /* PocketLoveTests.xctest */ = {isa = PBXFileReference; explicitFileType = wrapper.cfbundle; includeInIndex = 0; path = PocketLoveTests.xctest; sourceTree = BUILT_PRODUCTS_DIR; };
		5C1B908B1916FB6700293400 /* XCTest.framework */ = {isa = PBXFileReference; lastKnownFileType = wrapper.framework; name = XCTest.framework; path = Library/Frameworks/XCTest.framework; sourceTree = DEVELOPER_DIR; };
		5C1B90931916FB6700293400 /* PocketLoveTests-Info.plist */ = {isa = PBXFileReference; lastKnownFileType = text.plist.xml; path = "PocketLoveTests-Info.plist"; sourceTree = "<group>"; };
		5C1B90951916FB6700293400 /* en */ = {isa = PBXFileReference; lastKnownFileType = text.plist.strings; name = en; path = en.lproj/InfoPlist.strings; sourceTree = "<group>"; };
		5C1B90971916FB6700293400 /* PocketLoveTests.m */ = {isa = PBXFileReference; lastKnownFileType = sourcecode.c.objc; path = PocketLoveTests.m; sourceTree = "<group>"; };
		5C1B90A11916FC5600293400 /* SpriteKit.framework */ = {isa = PBXFileReference; lastKnownFileType = wrapper.framework; name = SpriteKit.framework; path = System/Library/Frameworks/SpriteKit.framework; sourceTree = SDKROOT; };
		5C1B90ED1917028300293400 /* PLCharacterViewController.h */ = {isa = PBXFileReference; fileEncoding = 4; lastKnownFileType = sourcecode.c.h; path = PLCharacterViewController.h; sourceTree = "<group>"; };
		5C1B90EE1917028300293400 /* PLCharacterViewController.m */ = {isa = PBXFileReference; fileEncoding = 4; lastKnownFileType = sourcecode.c.objc; path = PLCharacterViewController.m; sourceTree = "<group>"; };
		5C1B90F0191702AE00293400 /* PLMyCharacterViewController.h */ = {isa = PBXFileReference; fileEncoding = 4; lastKnownFileType = sourcecode.c.h; path = PLMyCharacterViewController.h; sourceTree = "<group>"; };
		5C1B90F1191702AE00293400 /* PLMyCharacterViewController.m */ = {isa = PBXFileReference; fileEncoding = 4; lastKnownFileType = sourcecode.c.objc; path = PLMyCharacterViewController.m; sourceTree = "<group>"; };
		5C1B90F3191702CE00293400 /* PLOtherCharacterViewController.h */ = {isa = PBXFileReference; fileEncoding = 4; lastKnownFileType = sourcecode.c.h; path = PLOtherCharacterViewController.h; sourceTree = "<group>"; };
		5C1B90F4191702CE00293400 /* PLOtherCharacterViewController.m */ = {isa = PBXFileReference; fileEncoding = 4; lastKnownFileType = sourcecode.c.objc; path = PLOtherCharacterViewController.m; sourceTree = "<group>"; };
		5C1B90F6191707B100293400 /* PLRootViewController.h */ = {isa = PBXFileReference; fileEncoding = 4; lastKnownFileType = sourcecode.c.h; path = PLRootViewController.h; sourceTree = "<group>"; };
		5C1B90F7191707B100293400 /* PLRootViewController.m */ = {isa = PBXFileReference; fileEncoding = 4; lastKnownFileType = sourcecode.c.objc; path = PLRootViewController.m; sourceTree = "<group>"; };
		5C428C4219171163008D12A8 /* pixelated.ttf */ = {isa = PBXFileReference; lastKnownFileType = file; path = pixelated.ttf; sourceTree = "<group>"; };
		5C428C4419171736008D12A8 /* PLAvatarUpdateViewController.h */ = {isa = PBXFileReference; fileEncoding = 4; lastKnownFileType = sourcecode.c.h; path = PLAvatarUpdateViewController.h; sourceTree = "<group>"; };
		5C428C4519171736008D12A8 /* PLAvatarUpdateViewController.m */ = {isa = PBXFileReference; fileEncoding = 4; lastKnownFileType = sourcecode.c.objc; path = PLAvatarUpdateViewController.m; sourceTree = "<group>"; };
		5C846A03191ADF64001A25A0 /* PLConstants.h */ = {isa = PBXFileReference; fileEncoding = 4; lastKnownFileType = sourcecode.c.h; path = PLConstants.h; sourceTree = "<group>"; };
		5C846A04191ADF64001A25A0 /* PLConstants.m */ = {isa = PBXFileReference; fileEncoding = 4; lastKnownFileType = sourcecode.c.objc; path = PLConstants.m; sourceTree = "<group>"; };
		5CA188911919E444001130BB /* Avatar.h */ = {isa = PBXFileReference; fileEncoding = 4; lastKnownFileType = sourcecode.c.h; path = Avatar.h; sourceTree = "<group>"; };
		5CA188921919E444001130BB /* Avatar.m */ = {isa = PBXFileReference; fileEncoding = 4; lastKnownFileType = sourcecode.c.objc; path = Avatar.m; sourceTree = "<group>"; };
		5CA188941919EE84001130BB /* QuartzCore.framework */ = {isa = PBXFileReference; lastKnownFileType = wrapper.framework; name = QuartzCore.framework; path = System/Library/Frameworks/QuartzCore.framework; sourceTree = SDKROOT; };
		5CA188971919F165001130BB /* Base */ = {isa = PBXFileReference; lastKnownFileType = file.storyboard; name = Base; path = Base.lproj/Main_iPhone.storyboard; sourceTree = "<group>"; };
		5CA1889A1919F29E001130BB /* ImageCollectionViewCell.h */ = {isa = PBXFileReference; fileEncoding = 4; lastKnownFileType = sourcecode.c.h; path = ImageCollectionViewCell.h; sourceTree = "<group>"; };
		5CA1889B1919F29E001130BB /* ImageCollectionViewCell.m */ = {isa = PBXFileReference; fileEncoding = 4; lastKnownFileType = sourcecode.c.objc; path = ImageCollectionViewCell.m; sourceTree = "<group>"; };
		D1BB3799191B488B009A0423 /* Macros.h */ = {isa = PBXFileReference; fileEncoding = 4; lastKnownFileType = sourcecode.c.h; path = Macros.h; sourceTree = "<group>"; };
		D1BB379A191B48A5009A0423 /* Constants.h */ = {isa = PBXFileReference; fileEncoding = 4; lastKnownFileType = sourcecode.c.h; path = Constants.h; sourceTree = "<group>"; };
		D1BB379B191B48FC009A0423 /* Score.h */ = {isa = PBXFileReference; fileEncoding = 4; lastKnownFileType = sourcecode.c.h; path = Score.h; sourceTree = "<group>"; };
		D1BB379C191B48FC009A0423 /* Score.m */ = {isa = PBXFileReference; fileEncoding = 4; lastKnownFileType = sourcecode.c.objc; path = Score.m; sourceTree = "<group>"; };
		D1BB379E191B492B009A0423 /* ViewController.h */ = {isa = PBXFileReference; fileEncoding = 4; lastKnownFileType = sourcecode.c.h; path = ViewController.h; sourceTree = "<group>"; };
		D1BB379F191B492B009A0423 /* ViewController.m */ = {isa = PBXFileReference; fileEncoding = 4; lastKnownFileType = sourcecode.c.objc; path = ViewController.m; sourceTree = "<group>"; };
		D1BB37A3191B49EE009A0423 /* Scene.h */ = {isa = PBXFileReference; fileEncoding = 4; lastKnownFileType = sourcecode.c.h; path = Scene.h; sourceTree = "<group>"; };
		D1BB37A4191B49EE009A0423 /* Scene.m */ = {isa = PBXFileReference; fileEncoding = 4; lastKnownFileType = sourcecode.c.objc; path = Scene.m; sourceTree = "<group>"; };
		D1BB37A7191B4A18009A0423 /* SKScrollingNode.h */ = {isa = PBXFileReference; fileEncoding = 4; lastKnownFileType = sourcecode.c.h; path = SKScrollingNode.h; sourceTree = "<group>"; };
		D1BB37A8191B4A18009A0423 /* SKScrollingNode.m */ = {isa = PBXFileReference; fileEncoding = 4; lastKnownFileType = sourcecode.c.objc; path = SKScrollingNode.m; sourceTree = "<group>"; };
		D1BB37A9191B4A18009A0423 /* BirdNode.h */ = {isa = PBXFileReference; fileEncoding = 4; lastKnownFileType = sourcecode.c.h; path = BirdNode.h; sourceTree = "<group>"; };
		D1BB37AA191B4A18009A0423 /* BirdNode.m */ = {isa = PBXFileReference; fileEncoding = 4; lastKnownFileType = sourcecode.c.objc; path = BirdNode.m; sourceTree = "<group>"; };
		D1BB37AD191B4A7D009A0423 /* Math.h */ = {isa = PBXFileReference; fileEncoding = 4; lastKnownFileType = sourcecode.c.h; path = Math.h; sourceTree = "<group>"; };
		D1BB37AE191B4A7D009A0423 /* Math.m */ = {isa = PBXFileReference; fileEncoding = 4; lastKnownFileType = sourcecode.c.objc; path = Math.m; sourceTree = "<group>"; };
		D1BB37B2191B4AB9009A0423 /* medal_silver@2x.png */ = {isa = PBXFileReference; lastKnownFileType = image.png; path = "medal_silver@2x.png"; sourceTree = "<group>"; };
		D1BB37B3191B4AB9009A0423 /* medal_gold@2x.png */ = {isa = PBXFileReference; lastKnownFileType = image.png; path = "medal_gold@2x.png"; sourceTree = "<group>"; };
		D1BB37B4191B4AB9009A0423 /* medal_bronze@2x.png */ = {isa = PBXFileReference; lastKnownFileType = image.png; path = "medal_bronze@2x.png"; sourceTree = "<group>"; };
		D1BB37B5191B4AB9009A0423 /* back@2x.png */ = {isa = PBXFileReference; lastKnownFileType = image.png; path = "back@2x.png"; sourceTree = "<group>"; };
		D1BB37B6191B4AB9009A0423 /* medal_plate@2x.png */ = {isa = PBXFileReference; lastKnownFileType = image.png; path = "medal_plate@2x.png"; sourceTree = "<group>"; };
		D1BB37B7191B4AB9009A0423 /* game_over@2x.png */ = {isa = PBXFileReference; lastKnownFileType = image.png; path = "game_over@2x.png"; sourceTree = "<group>"; };
		D1BB37B8191B4AB9009A0423 /* medal_platinum@2x.png */ = {isa = PBXFileReference; lastKnownFileType = image.png; path = "medal_platinum@2x.png"; sourceTree = "<group>"; };
		D1BB37B9191B4AB9009A0423 /* taptap@2x.png */ = {isa = PBXFileReference; lastKnownFileType = image.png; path = "taptap@2x.png"; sourceTree = "<group>"; };
		D1BB37BA191B4AB9009A0423 /* get_ready@2x.png */ = {isa = PBXFileReference; lastKnownFileType = image.png; path = "get_ready@2x.png"; sourceTree = "<group>"; };
		D1BB37BB191B4AB9009A0423 /* bird_1@2x.png */ = {isa = PBXFileReference; lastKnownFileType = image.png; path = "bird_1@2x.png"; sourceTree = "<group>"; };
		D1BB37BC191B4AB9009A0423 /* bird_2@2x.png */ = {isa = PBXFileReference; lastKnownFileType = image.png; path = "bird_2@2x.png"; sourceTree = "<group>"; };
		D1BB37BD191B4AB9009A0423 /* bird_3@2x.png */ = {isa = PBXFileReference; lastKnownFileType = image.png; path = "bird_3@2x.png"; sourceTree = "<group>"; };
		D1BB37BE191B4AB9009A0423 /* floor@2x.png */ = {isa = PBXFileReference; lastKnownFileType = image.png; path = "floor@2x.png"; sourceTree = "<group>"; };
		D1BB37BF191B4AB9009A0423 /* pipe_top@2x.png */ = {isa = PBXFileReference; lastKnownFileType = image.png; path = "pipe_top@2x.png"; sourceTree = "<group>"; };
		D1BB37C0191B4AB9009A0423 /* pipe_bottom@2x.png */ = {isa = PBXFileReference; lastKnownFileType = image.png; path = "pipe_bottom@2x.png"; sourceTree = "<group>"; };
/* End PBXFileReference section */

/* Begin PBXFrameworksBuildPhase section */
		5C1B90631916FB6600293400 /* Frameworks */ = {
			isa = PBXFrameworksBuildPhase;
			buildActionMask = 2147483647;
			files = (
				5CA188951919EE84001130BB /* QuartzCore.framework in Frameworks */,
				5C1B90A21916FC5600293400 /* SpriteKit.framework in Frameworks */,
				5C1B906C1916FB6700293400 /* CoreGraphics.framework in Frameworks */,
				5C1B906E1916FB6700293400 /* UIKit.framework in Frameworks */,
				5C1B906A1916FB6600293400 /* Foundation.framework in Frameworks */,
			);
			runOnlyForDeploymentPostprocessing = 0;
		};
		5C1B90871916FB6700293400 /* Frameworks */ = {
			isa = PBXFrameworksBuildPhase;
			buildActionMask = 2147483647;
			files = (
				5C1B908C1916FB6700293400 /* XCTest.framework in Frameworks */,
				5C1B908E1916FB6700293400 /* UIKit.framework in Frameworks */,
				5C1B908D1916FB6700293400 /* Foundation.framework in Frameworks */,
			);
			runOnlyForDeploymentPostprocessing = 0;
		};
/* End PBXFrameworksBuildPhase section */

/* Begin PBXGroup section */
		5C1B905D1916FB6600293400 = {
			isa = PBXGroup;
			children = (
				5C1B906F1916FB6700293400 /* PocketLove */,
				5C1B90911916FB6700293400 /* PocketLoveTests */,
				5C1B90681916FB6600293400 /* Frameworks */,
				5C1B90671916FB6600293400 /* Products */,
			);
			sourceTree = "<group>";
		};
		5C1B90671916FB6600293400 /* Products */ = {
			isa = PBXGroup;
			children = (
				5C1B90661916FB6600293400 /* PocketLove.app */,
				5C1B908A1916FB6700293400 /* PocketLoveTests.xctest */,
			);
			name = Products;
			sourceTree = "<group>";
		};
		5C1B90681916FB6600293400 /* Frameworks */ = {
			isa = PBXGroup;
			children = (
				5CA188941919EE84001130BB /* QuartzCore.framework */,
				5C1B90A11916FC5600293400 /* SpriteKit.framework */,
				5C1B90691916FB6600293400 /* Foundation.framework */,
				5C1B906B1916FB6700293400 /* CoreGraphics.framework */,
				5C1B906D1916FB6700293400 /* UIKit.framework */,
				5C1B908B1916FB6700293400 /* XCTest.framework */,
			);
			name = Frameworks;
			sourceTree = "<group>";
		};
		5C1B906F1916FB6700293400 /* PocketLove */ = {
			isa = PBXGroup;
			children = (
				D1BB379A191B48A5009A0423 /* Constants.h */,
				D1BB3799191B488B009A0423 /* Macros.h */,
				5C846A03191ADF64001A25A0 /* PLConstants.h */,
				5C846A04191ADF64001A25A0 /* PLConstants.m */,
				5CA188991919F25C001130BB /* Views */,
				5CA188901919E426001130BB /* Model */,
				5CA1888F1919E420001130BB /* Controllers */,
				D1BB37A1191B494D009A0423 /* Scenes */,
				D1BB37B0191B4A83009A0423 /* Helpers */,
				5C428C411917114F008D12A8 /* Resources */,
				5CA188961919F165001130BB /* Main_iPhone.storyboard */,
				5C1B90841916FB6700293400 /* Images.xcassets */,
				5C1B90701916FB6700293400 /* Supporting Files */,
			);
			path = PocketLove;
			sourceTree = "<group>";
		};
		5C1B90701916FB6700293400 /* Supporting Files */ = {
			isa = PBXGroup;
			children = (
				5C1B90781916FB6700293400 /* PLAppDelegate.h */,
				5C1B90791916FB6700293400 /* PLAppDelegate.m */,
				5C1B90711916FB6700293400 /* PocketLove-Info.plist */,
				5C1B90721916FB6700293400 /* InfoPlist.strings */,
				5C1B90751916FB6700293400 /* main.m */,
				5C1B90771916FB6700293400 /* PocketLove-Prefix.pch */,
			);
			name = "Supporting Files";
			sourceTree = "<group>";
		};
		5C1B90911916FB6700293400 /* PocketLoveTests */ = {
			isa = PBXGroup;
			children = (
				5C1B90971916FB6700293400 /* PocketLoveTests.m */,
				5C1B90921916FB6700293400 /* Supporting Files */,
			);
			path = PocketLoveTests;
			sourceTree = "<group>";
		};
		5C1B90921916FB6700293400 /* Supporting Files */ = {
			isa = PBXGroup;
			children = (
				5C1B90931916FB6700293400 /* PocketLoveTests-Info.plist */,
				5C1B90941916FB6700293400 /* InfoPlist.strings */,
			);
			name = "Supporting Files";
			sourceTree = "<group>";
		};
		5C428C411917114F008D12A8 /* Resources */ = {
			isa = PBXGroup;
			children = (
				D1BB37B1191B4AA5009A0423 /* Images */,
				5C428C4219171163008D12A8 /* pixelated.ttf */,
			);
			name = Resources;
			sourceTree = "<group>";
		};
		5CA1888F1919E420001130BB /* Controllers */ = {
			isa = PBXGroup;
			children = (
				D1BB379E191B492B009A0423 /* ViewController.h */,
				D1BB379F191B492B009A0423 /* ViewController.m */,
				D1BB37A2191B4966009A0423 /* CharacterControllers */,
			);
			name = Controllers;
			sourceTree = "<group>";
		};
		5CA188901919E426001130BB /* Model */ = {
			isa = PBXGroup;
			children = (
				D1BB379B191B48FC009A0423 /* Score.h */,
				D1BB379C191B48FC009A0423 /* Score.m */,
				5CA188911919E444001130BB /* Avatar.h */,
				5CA188921919E444001130BB /* Avatar.m */,
			);
			name = Model;
			sourceTree = "<group>";
		};
		5CA188991919F25C001130BB /* Views */ = {
			isa = PBXGroup;
			children = (
				5CA1889A1919F29E001130BB /* ImageCollectionViewCell.h */,
				5CA1889B1919F29E001130BB /* ImageCollectionViewCell.m */,
			);
			name = Views;
			sourceTree = "<group>";
		};
		D1BB37A1191B494D009A0423 /* Scenes */ = {
			isa = PBXGroup;
			children = (
				D1BB37A6191B4A06009A0423 /* Nodes */,
				D1BB37A3191B49EE009A0423 /* Scene.h */,
				D1BB37A4191B49EE009A0423 /* Scene.m */,
			);
			name = Scenes;
			sourceTree = "<group>";
		};
		D1BB37A2191B4966009A0423 /* CharacterControllers */ = {
			isa = PBXGroup;
			children = (
				5C1B90EE1917028300293400 /* PLCharacterViewController.m */,
				5C1B90F0191702AE00293400 /* PLMyCharacterViewController.h */,
				5C1B90F1191702AE00293400 /* PLMyCharacterViewController.m */,
				5C1B90F3191702CE00293400 /* PLOtherCharacterViewController.h */,
				5C1B90F4191702CE00293400 /* PLOtherCharacterViewController.m */,
				5C1B90F6191707B100293400 /* PLRootViewController.h */,
				5C1B90F7191707B100293400 /* PLRootViewController.m */,
				5C428C4419171736008D12A8 /* PLAvatarUpdateViewController.h */,
				5C428C4519171736008D12A8 /* PLAvatarUpdateViewController.m */,
				5C1B90ED1917028300293400 /* PLCharacterViewController.h */,
			);
			name = CharacterControllers;
			sourceTree = "<group>";
		};
		D1BB37A6191B4A06009A0423 /* Nodes */ = {
			isa = PBXGroup;
			children = (
				D1BB37A7191B4A18009A0423 /* SKScrollingNode.h */,
				D1BB37A8191B4A18009A0423 /* SKScrollingNode.m */,
				D1BB37A9191B4A18009A0423 /* BirdNode.h */,
				D1BB37AA191B4A18009A0423 /* BirdNode.m */,
			);
			name = Nodes;
			sourceTree = "<group>";
		};
		D1BB37B0191B4A83009A0423 /* Helpers */ = {
			isa = PBXGroup;
			children = (
				D1BB37AD191B4A7D009A0423 /* Math.h */,
				D1BB37AE191B4A7D009A0423 /* Math.m */,
			);
			name = Helpers;
			sourceTree = "<group>";
		};
		D1BB37B1191B4AA5009A0423 /* Images */ = {
			isa = PBXGroup;
			children = (
				D1BB37B2191B4AB9009A0423 /* medal_silver@2x.png */,
				D1BB37B3191B4AB9009A0423 /* medal_gold@2x.png */,
				D1BB37B4191B4AB9009A0423 /* medal_bronze@2x.png */,
				D1BB37B5191B4AB9009A0423 /* back@2x.png */,
				D1BB37B6191B4AB9009A0423 /* medal_plate@2x.png */,
				D1BB37B7191B4AB9009A0423 /* game_over@2x.png */,
				D1BB37B8191B4AB9009A0423 /* medal_platinum@2x.png */,
				D1BB37B9191B4AB9009A0423 /* taptap@2x.png */,
				D1BB37BA191B4AB9009A0423 /* get_ready@2x.png */,
				D1BB37BB191B4AB9009A0423 /* bird_1@2x.png */,
				D1BB37BC191B4AB9009A0423 /* bird_2@2x.png */,
				D1BB37BD191B4AB9009A0423 /* bird_3@2x.png */,
				D1BB37BE191B4AB9009A0423 /* floor@2x.png */,
				D1BB37BF191B4AB9009A0423 /* pipe_top@2x.png */,
				D1BB37C0191B4AB9009A0423 /* pipe_bottom@2x.png */,
			);
			name = Images;
			sourceTree = "<group>";
		};
/* End PBXGroup section */

/* Begin PBXNativeTarget section */
		5C1B90651916FB6600293400 /* PocketLove */ = {
			isa = PBXNativeTarget;
			buildConfigurationList = 5C1B909B1916FB6700293400 /* Build configuration list for PBXNativeTarget "PocketLove" */;
			buildPhases = (
				5C1B90621916FB6600293400 /* Sources */,
				5C1B90631916FB6600293400 /* Frameworks */,
				5C1B90641916FB6600293400 /* Resources */,
			);
			buildRules = (
			);
			dependencies = (
			);
			name = PocketLove;
			productName = PocketLove;
			productReference = 5C1B90661916FB6600293400 /* PocketLove.app */;
			productType = "com.apple.product-type.application";
		};
		5C1B90891916FB6700293400 /* PocketLoveTests */ = {
			isa = PBXNativeTarget;
			buildConfigurationList = 5C1B909E1916FB6700293400 /* Build configuration list for PBXNativeTarget "PocketLoveTests" */;
			buildPhases = (
				5C1B90861916FB6700293400 /* Sources */,
				5C1B90871916FB6700293400 /* Frameworks */,
				5C1B90881916FB6700293400 /* Resources */,
			);
			buildRules = (
			);
			dependencies = (
				5C1B90901916FB6700293400 /* PBXTargetDependency */,
			);
			name = PocketLoveTests;
			productName = PocketLoveTests;
			productReference = 5C1B908A1916FB6700293400 /* PocketLoveTests.xctest */;
			productType = "com.apple.product-type.bundle.unit-test";
		};
/* End PBXNativeTarget section */

/* Begin PBXProject section */
		5C1B905E1916FB6600293400 /* Project object */ = {
			isa = PBXProject;
			attributes = {
				CLASSPREFIX = PL;
				LastUpgradeCheck = 0510;
				ORGANIZATIONNAME = "Johan Ismael";
				TargetAttributes = {
					5C1B90891916FB6700293400 = {
						TestTargetID = 5C1B90651916FB6600293400;
					};
				};
			};
			buildConfigurationList = 5C1B90611916FB6600293400 /* Build configuration list for PBXProject "PocketLove" */;
			compatibilityVersion = "Xcode 3.2";
			developmentRegion = English;
			hasScannedForEncodings = 0;
			knownRegions = (
				en,
				Base,
			);
			mainGroup = 5C1B905D1916FB6600293400;
			productRefGroup = 5C1B90671916FB6600293400 /* Products */;
			projectDirPath = "";
			projectRoot = "";
			targets = (
				5C1B90651916FB6600293400 /* PocketLove */,
				5C1B90891916FB6700293400 /* PocketLoveTests */,
			);
		};
/* End PBXProject section */

/* Begin PBXResourcesBuildPhase section */
		5C1B90641916FB6600293400 /* Resources */ = {
			isa = PBXResourcesBuildPhase;
			buildActionMask = 2147483647;
			files = (
				D1BB37CE191B4AB9009A0423 /* pipe_top@2x.png in Resources */,
				D1BB37C8191B4AB9009A0423 /* taptap@2x.png in Resources */,
				5C1B90851916FB6700293400 /* Images.xcassets in Resources */,
				D1BB37CD191B4AB9009A0423 /* floor@2x.png in Resources */,
				D1BB37C4191B4AB9009A0423 /* back@2x.png in Resources */,
				D1BB37C9191B4AB9009A0423 /* get_ready@2x.png in Resources */,
				5CA188981919F165001130BB /* Main_iPhone.storyboard in Resources */,
				5C428C4319171163008D12A8 /* pixelated.ttf in Resources */,
				D1BB37CB191B4AB9009A0423 /* bird_2@2x.png in Resources */,
				D1BB37C3191B4AB9009A0423 /* medal_bronze@2x.png in Resources */,
				D1BB37CA191B4AB9009A0423 /* bird_1@2x.png in Resources */,
				5C1B90741916FB6700293400 /* InfoPlist.strings in Resources */,
				D1BB37C6191B4AB9009A0423 /* game_over@2x.png in Resources */,
				D1BB37C2191B4AB9009A0423 /* medal_gold@2x.png in Resources */,
				D1BB37C7191B4AB9009A0423 /* medal_platinum@2x.png in Resources */,
				D1BB37CF191B4AB9009A0423 /* pipe_bottom@2x.png in Resources */,
				D1BB37CC191B4AB9009A0423 /* bird_3@2x.png in Resources */,
				D1BB37C1191B4AB9009A0423 /* medal_silver@2x.png in Resources */,
				D1BB37C5191B4AB9009A0423 /* medal_plate@2x.png in Resources */,
			);
			runOnlyForDeploymentPostprocessing = 0;
		};
		5C1B90881916FB6700293400 /* Resources */ = {
			isa = PBXResourcesBuildPhase;
			buildActionMask = 2147483647;
			files = (
				5C1B90961916FB6700293400 /* InfoPlist.strings in Resources */,
			);
			runOnlyForDeploymentPostprocessing = 0;
		};
/* End PBXResourcesBuildPhase section */

/* Begin PBXSourcesBuildPhase section */
		5C1B90621916FB6600293400 /* Sources */ = {
			isa = PBXSourcesBuildPhase;
			buildActionMask = 2147483647;
			files = (
				5C428C4619171736008D12A8 /* PLAvatarUpdateViewController.m in Sources */,
				5C1B907A1916FB6700293400 /* PLAppDelegate.m in Sources */,
				5CA188931919E444001130BB /* Avatar.m in Sources */,
				5C1B90F5191702CE00293400 /* PLOtherCharacterViewController.m in Sources */,
				D1BB379D191B48FC009A0423 /* Score.m in Sources */,
				D1BB37A5191B49EE009A0423 /* Scene.m in Sources */,
				D1BB37AC191B4A18009A0423 /* BirdNode.m in Sources */,
				5CA1889C1919F29E001130BB /* ImageCollectionViewCell.m in Sources */,
				D1BB37AB191B4A18009A0423 /* SKScrollingNode.m in Sources */,
				D1BB37A0191B492B009A0423 /* ViewController.m in Sources */,
				5C846A05191ADF64001A25A0 /* PLConstants.m in Sources */,
				D1BB37AF191B4A7D009A0423 /* Math.m in Sources */,
				5C1B90F8191707B100293400 /* PLRootViewController.m in Sources */,
				5C1B90F2191702AE00293400 /* PLMyCharacterViewController.m in Sources */,
				5C1B90EF1917028300293400 /* PLCharacterViewController.m in Sources */,
				5C1B90761916FB6700293400 /* main.m in Sources */,
			);
			runOnlyForDeploymentPostprocessing = 0;
		};
		5C1B90861916FB6700293400 /* Sources */ = {
			isa = PBXSourcesBuildPhase;
			buildActionMask = 2147483647;
			files = (
				5C1B90981916FB6700293400 /* PocketLoveTests.m in Sources */,
			);
			runOnlyForDeploymentPostprocessing = 0;
		};
/* End PBXSourcesBuildPhase section */

/* Begin PBXTargetDependency section */
		5C1B90901916FB6700293400 /* PBXTargetDependency */ = {
			isa = PBXTargetDependency;
			target = 5C1B90651916FB6600293400 /* PocketLove */;
			targetProxy = 5C1B908F1916FB6700293400 /* PBXContainerItemProxy */;
		};
/* End PBXTargetDependency section */

/* Begin PBXVariantGroup section */
		5C1B90721916FB6700293400 /* InfoPlist.strings */ = {
			isa = PBXVariantGroup;
			children = (
				5C1B90731916FB6700293400 /* en */,
			);
			name = InfoPlist.strings;
			sourceTree = "<group>";
		};
		5C1B90941916FB6700293400 /* InfoPlist.strings */ = {
			isa = PBXVariantGroup;
			children = (
				5C1B90951916FB6700293400 /* en */,
			);
			name = InfoPlist.strings;
			sourceTree = "<group>";
		};
		5CA188961919F165001130BB /* Main_iPhone.storyboard */ = {
			isa = PBXVariantGroup;
			children = (
				5CA188971919F165001130BB /* Base */,
			);
			name = Main_iPhone.storyboard;
			sourceTree = "<group>";
		};
/* End PBXVariantGroup section */

/* Begin XCBuildConfiguration section */
		5C1B90991916FB6700293400 /* Debug */ = {
			isa = XCBuildConfiguration;
			buildSettings = {
				ALWAYS_SEARCH_USER_PATHS = NO;
				CLANG_CXX_LANGUAGE_STANDARD = "gnu++0x";
				CLANG_CXX_LIBRARY = "libc++";
				CLANG_ENABLE_MODULES = YES;
				CLANG_ENABLE_OBJC_ARC = YES;
				CLANG_WARN_BOOL_CONVERSION = YES;
				CLANG_WARN_CONSTANT_CONVERSION = YES;
				CLANG_WARN_DIRECT_OBJC_ISA_USAGE = YES_ERROR;
				CLANG_WARN_EMPTY_BODY = YES;
				CLANG_WARN_ENUM_CONVERSION = YES;
				CLANG_WARN_INT_CONVERSION = YES;
				CLANG_WARN_OBJC_ROOT_CLASS = YES_ERROR;
				CLANG_WARN__DUPLICATE_METHOD_MATCH = YES;
				"CODE_SIGN_IDENTITY[sdk=iphoneos*]" = "iPhone Developer";
				COPY_PHASE_STRIP = NO;
				GCC_C_LANGUAGE_STANDARD = gnu99;
				GCC_DYNAMIC_NO_PIC = NO;
				GCC_OPTIMIZATION_LEVEL = 0;
				GCC_PREPROCESSOR_DEFINITIONS = (
					"DEBUG=1",
					"$(inherited)",
				);
				GCC_SYMBOLS_PRIVATE_EXTERN = NO;
				GCC_WARN_64_TO_32_BIT_CONVERSION = YES;
				GCC_WARN_ABOUT_RETURN_TYPE = YES_ERROR;
				GCC_WARN_UNDECLARED_SELECTOR = YES;
				GCC_WARN_UNINITIALIZED_AUTOS = YES_AGGRESSIVE;
				GCC_WARN_UNUSED_FUNCTION = YES;
				GCC_WARN_UNUSED_VARIABLE = YES;
				IPHONEOS_DEPLOYMENT_TARGET = 7.1;
				ONLY_ACTIVE_ARCH = YES;
				SDKROOT = iphoneos;
				TARGETED_DEVICE_FAMILY = "1,2";
			};
			name = Debug;
		};
		5C1B909A1916FB6700293400 /* Release */ = {
			isa = XCBuildConfiguration;
			buildSettings = {
				ALWAYS_SEARCH_USER_PATHS = NO;
				CLANG_CXX_LANGUAGE_STANDARD = "gnu++0x";
				CLANG_CXX_LIBRARY = "libc++";
				CLANG_ENABLE_MODULES = YES;
				CLANG_ENABLE_OBJC_ARC = YES;
				CLANG_WARN_BOOL_CONVERSION = YES;
				CLANG_WARN_CONSTANT_CONVERSION = YES;
				CLANG_WARN_DIRECT_OBJC_ISA_USAGE = YES_ERROR;
				CLANG_WARN_EMPTY_BODY = YES;
				CLANG_WARN_ENUM_CONVERSION = YES;
				CLANG_WARN_INT_CONVERSION = YES;
				CLANG_WARN_OBJC_ROOT_CLASS = YES_ERROR;
				CLANG_WARN__DUPLICATE_METHOD_MATCH = YES;
				"CODE_SIGN_IDENTITY[sdk=iphoneos*]" = "iPhone Developer";
				COPY_PHASE_STRIP = YES;
				ENABLE_NS_ASSERTIONS = NO;
				GCC_C_LANGUAGE_STANDARD = gnu99;
				GCC_WARN_64_TO_32_BIT_CONVERSION = YES;
				GCC_WARN_ABOUT_RETURN_TYPE = YES_ERROR;
				GCC_WARN_UNDECLARED_SELECTOR = YES;
				GCC_WARN_UNINITIALIZED_AUTOS = YES_AGGRESSIVE;
				GCC_WARN_UNUSED_FUNCTION = YES;
				GCC_WARN_UNUSED_VARIABLE = YES;
				IPHONEOS_DEPLOYMENT_TARGET = 7.1;
				SDKROOT = iphoneos;
				TARGETED_DEVICE_FAMILY = "1,2";
				VALIDATE_PRODUCT = YES;
			};
			name = Release;
		};
		5C1B909C1916FB6700293400 /* Debug */ = {
			isa = XCBuildConfiguration;
			buildSettings = {
				ASSETCATALOG_COMPILER_APPICON_NAME = AppIcon;
				ASSETCATALOG_COMPILER_LAUNCHIMAGE_NAME = LaunchImage;
				GCC_PRECOMPILE_PREFIX_HEADER = YES;
				GCC_PREFIX_HEADER = "PocketLove/PocketLove-Prefix.pch";
				INFOPLIST_FILE = "PocketLove/PocketLove-Info.plist";
				IPHONEOS_DEPLOYMENT_TARGET = 7.0;
				PRODUCT_NAME = "$(TARGET_NAME)";
				TARGETED_DEVICE_FAMILY = 1;
				WRAPPER_EXTENSION = app;
			};
			name = Debug;
		};
		5C1B909D1916FB6700293400 /* Release */ = {
			isa = XCBuildConfiguration;
			buildSettings = {
				ASSETCATALOG_COMPILER_APPICON_NAME = AppIcon;
				ASSETCATALOG_COMPILER_LAUNCHIMAGE_NAME = LaunchImage;
				GCC_PRECOMPILE_PREFIX_HEADER = YES;
				GCC_PREFIX_HEADER = "PocketLove/PocketLove-Prefix.pch";
				INFOPLIST_FILE = "PocketLove/PocketLove-Info.plist";
				IPHONEOS_DEPLOYMENT_TARGET = 7.0;
				PRODUCT_NAME = "$(TARGET_NAME)";
				TARGETED_DEVICE_FAMILY = 1;
				WRAPPER_EXTENSION = app;
			};
			name = Release;
		};
		5C1B909F1916FB6700293400 /* Debug */ = {
			isa = XCBuildConfiguration;
			buildSettings = {
				BUNDLE_LOADER = "$(BUILT_PRODUCTS_DIR)/PocketLove.app/PocketLove";
				FRAMEWORK_SEARCH_PATHS = (
					"$(SDKROOT)/Developer/Library/Frameworks",
					"$(inherited)",
					"$(DEVELOPER_FRAMEWORKS_DIR)",
				);
				GCC_PRECOMPILE_PREFIX_HEADER = YES;
				GCC_PREFIX_HEADER = "PocketLove/PocketLove-Prefix.pch";
				GCC_PREPROCESSOR_DEFINITIONS = (
					"DEBUG=1",
					"$(inherited)",
				);
				INFOPLIST_FILE = "PocketLoveTests/PocketLoveTests-Info.plist";
				PRODUCT_NAME = "$(TARGET_NAME)";
				TEST_HOST = "$(BUNDLE_LOADER)";
				WRAPPER_EXTENSION = xctest;
			};
			name = Debug;
		};
		5C1B90A01916FB6700293400 /* Release */ = {
			isa = XCBuildConfiguration;
			buildSettings = {
				BUNDLE_LOADER = "$(BUILT_PRODUCTS_DIR)/PocketLove.app/PocketLove";
				FRAMEWORK_SEARCH_PATHS = (
					"$(SDKROOT)/Developer/Library/Frameworks",
					"$(inherited)",
					"$(DEVELOPER_FRAMEWORKS_DIR)",
				);
				GCC_PRECOMPILE_PREFIX_HEADER = YES;
				GCC_PREFIX_HEADER = "PocketLove/PocketLove-Prefix.pch";
				INFOPLIST_FILE = "PocketLoveTests/PocketLoveTests-Info.plist";
				PRODUCT_NAME = "$(TARGET_NAME)";
				TEST_HOST = "$(BUNDLE_LOADER)";
				WRAPPER_EXTENSION = xctest;
			};
			name = Release;
		};
/* End XCBuildConfiguration section */

/* Begin XCConfigurationList section */
		5C1B90611916FB6600293400 /* Build configuration list for PBXProject "PocketLove" */ = {
			isa = XCConfigurationList;
			buildConfigurations = (
				5C1B90991916FB6700293400 /* Debug */,
				5C1B909A1916FB6700293400 /* Release */,
			);
			defaultConfigurationIsVisible = 0;
			defaultConfigurationName = Release;
		};
		5C1B909B1916FB6700293400 /* Build configuration list for PBXNativeTarget "PocketLove" */ = {
			isa = XCConfigurationList;
			buildConfigurations = (
				5C1B909C1916FB6700293400 /* Debug */,
				5C1B909D1916FB6700293400 /* Release */,
			);
			defaultConfigurationIsVisible = 0;
			defaultConfigurationName = Release;
		};
		5C1B909E1916FB6700293400 /* Build configuration list for PBXNativeTarget "PocketLoveTests" */ = {
			isa = XCConfigurationList;
			buildConfigurations = (
				5C1B909F1916FB6700293400 /* Debug */,
				5C1B90A01916FB6700293400 /* Release */,
			);
			defaultConfigurationIsVisible = 0;
			defaultConfigurationName = Release;
		};
/* End XCConfigurationList section */
	};
	rootObject = 5C1B905E1916FB6600293400 /* Project object */;
}
